// !$*UTF8*$!
{
	archiveVersion = 1;
	classes = {
	};
	objectVersion = 48;
	objects = {

/* Begin PBXBuildFile section */
		2B151FF9221180E000FF415C /* AppDelegate.swift in Sources */ = {isa = PBXBuildFile; fileRef = 2B151FF8221180E000FF415C /* AppDelegate.swift */; };
		2B151FFB221180E000FF415C /* ViewController.swift in Sources */ = {isa = PBXBuildFile; fileRef = 2B151FFA221180E000FF415C /* ViewController.swift */; };
		2B151FFE221180E000FF415C /* Main.storyboard in Resources */ = {isa = PBXBuildFile; fileRef = 2B151FFC221180E000FF415C /* Main.storyboard */; };
		2B152000221180E000FF415C /* Assets.xcassets in Resources */ = {isa = PBXBuildFile; fileRef = 2B151FFF221180E000FF415C /* Assets.xcassets */; };
		2B152003221180E000FF415C /* LaunchScreen.storyboard in Resources */ = {isa = PBXBuildFile; fileRef = 2B152001221180E000FF415C /* LaunchScreen.storyboard */; };
		946D9C28BCB013B88CCA8D33 /* Pods_JenkinsExample.framework in Frameworks */ = {isa = PBXBuildFile; fileRef = 2B27366B4353FC268EA20EBF /* Pods_JenkinsExample.framework */; };
/* End PBXBuildFile section */

/* Begin PBXFileReference section */
		2B151FF5221180E000FF415C /* JenkinsExample.app */ = {isa = PBXFileReference; explicitFileType = wrapper.application; includeInIndex = 0; path = JenkinsExample.app; sourceTree = BUILT_PRODUCTS_DIR; };
		2B151FF8221180E000FF415C /* AppDelegate.swift */ = {isa = PBXFileReference; lastKnownFileType = sourcecode.swift; path = AppDelegate.swift; sourceTree = "<group>"; };
		2B151FFA221180E000FF415C /* ViewController.swift */ = {isa = PBXFileReference; lastKnownFileType = sourcecode.swift; path = ViewController.swift; sourceTree = "<group>"; };
		2B151FFD221180E000FF415C /* Base */ = {isa = PBXFileReference; lastKnownFileType = file.storyboard; name = Base; path = Base.lproj/Main.storyboard; sourceTree = "<group>"; };
		2B151FFF221180E000FF415C /* Assets.xcassets */ = {isa = PBXFileReference; lastKnownFileType = folder.assetcatalog; path = Assets.xcassets; sourceTree = "<group>"; };
		2B152002221180E000FF415C /* Base */ = {isa = PBXFileReference; lastKnownFileType = file.storyboard; name = Base; path = Base.lproj/LaunchScreen.storyboard; sourceTree = "<group>"; };
		2B152004221180E000FF415C /* Info.plist */ = {isa = PBXFileReference; lastKnownFileType = text.plist.xml; path = Info.plist; sourceTree = "<group>"; };
		2B27366B4353FC268EA20EBF /* Pods_JenkinsExample.framework */ = {isa = PBXFileReference; explicitFileType = wrapper.framework; includeInIndex = 0; path = Pods_JenkinsExample.framework; sourceTree = BUILT_PRODUCTS_DIR; };
		E86EB42B0621FE7D5C2440B3 /* Pods-JenkinsExample.release.xcconfig */ = {isa = PBXFileReference; includeInIndex = 1; lastKnownFileType = text.xcconfig; name = "Pods-JenkinsExample.release.xcconfig"; path = "Pods/Target Support Files/Pods-JenkinsExample/Pods-JenkinsExample.release.xcconfig"; sourceTree = "<group>"; };
		FA0B5CFAC3E05480772D380B /* Pods-JenkinsExample.debug.xcconfig */ = {isa = PBXFileReference; includeInIndex = 1; lastKnownFileType = text.xcconfig; name = "Pods-JenkinsExample.debug.xcconfig"; path = "Pods/Target Support Files/Pods-JenkinsExample/Pods-JenkinsExample.debug.xcconfig"; sourceTree = "<group>"; };
/* End PBXFileReference section */

/* Begin PBXFrameworksBuildPhase section */
		2B151FF2221180E000FF415C /* Frameworks */ = {
			isa = PBXFrameworksBuildPhase;
			buildActionMask = 2147483647;
			files = (
				946D9C28BCB013B88CCA8D33 /* Pods_JenkinsExample.framework in Frameworks */,
			);
			runOnlyForDeploymentPostprocessing = 0;
		};
/* End PBXFrameworksBuildPhase section */

/* Begin PBXGroup section */
		2B151FEC221180E000FF415C = {
			isa = PBXGroup;
			children = (
				2B151FF7221180E000FF415C /* JenkinsExample */,
				2B151FF6221180E000FF415C /* Products */,
				5122BBB20E473228BF7A54B5 /* Pods */,
				E1F5583069E776911F778645 /* Frameworks */,
			);
			sourceTree = "<group>";
		};
		2B151FF6221180E000FF415C /* Products */ = {
			isa = PBXGroup;
			children = (
				2B151FF5221180E000FF415C /* JenkinsExample.app */,
			);
			name = Products;
			sourceTree = "<group>";
		};
		2B151FF7221180E000FF415C /* JenkinsExample */ = {
			isa = PBXGroup;
			children = (
				2B151FF8221180E000FF415C /* AppDelegate.swift */,
				2B151FFA221180E000FF415C /* ViewController.swift */,
				2B151FFC221180E000FF415C /* Main.storyboard */,
				2B151FFF221180E000FF415C /* Assets.xcassets */,
				2B152001221180E000FF415C /* LaunchScreen.storyboard */,
				2B152004221180E000FF415C /* Info.plist */,
			);
			path = JenkinsExample;
			sourceTree = "<group>";
		};
		5122BBB20E473228BF7A54B5 /* Pods */ = {
			isa = PBXGroup;
			children = (
				FA0B5CFAC3E05480772D380B /* Pods-JenkinsExample.debug.xcconfig */,
				E86EB42B0621FE7D5C2440B3 /* Pods-JenkinsExample.release.xcconfig */,
			);
			name = Pods;
			sourceTree = "<group>";
		};
		E1F5583069E776911F778645 /* Frameworks */ = {
			isa = PBXGroup;
			children = (
				2B27366B4353FC268EA20EBF /* Pods_JenkinsExample.framework */,
			);
			name = Frameworks;
			sourceTree = "<group>";
		};
/* End PBXGroup section */

/* Begin PBXNativeTarget section */
		2B151FF4221180E000FF415C /* JenkinsExample */ = {
			isa = PBXNativeTarget;
			buildConfigurationList = 2B152007221180E000FF415C /* Build configuration list for PBXNativeTarget "JenkinsExample" */;
			buildPhases = (
				CDC64DE1B6D2438F1A33D0FB /* [CP] Check Pods Manifest.lock */,
				2B151FF1221180E000FF415C /* Sources */,
				2B151FF2221180E000FF415C /* Frameworks */,
				2B151FF3221180E000FF415C /* Resources */,
				2B1521362212FA6F00FF415C /* ShellScript */,
			);
			buildRules = (
			);
			dependencies = (
			);
			name = JenkinsExample;
			productName = JenkinsExample;
			productReference = 2B151FF5221180E000FF415C /* JenkinsExample.app */;
			productType = "com.apple.product-type.application";
		};
/* End PBXNativeTarget section */

/* Begin PBXProject section */
		2B151FED221180E000FF415C /* Project object */ = {
			isa = PBXProject;
			attributes = {
				LastSwiftUpdateCheck = 0920;
				LastUpgradeCheck = 0920;
				ORGANIZATIONNAME = Param;
				TargetAttributes = {
					2B151FF4221180E000FF415C = {
						CreatedOnToolsVersion = 9.2;
						ProvisioningStyle = Manual;
					};
				};
			};
			buildConfigurationList = 2B151FF0221180E000FF415C /* Build configuration list for PBXProject "JenkinsExample" */;
			compatibilityVersion = "Xcode 8.0";
			developmentRegion = en;
			hasScannedForEncodings = 0;
			knownRegions = (
				en,
				Base,
			);
			mainGroup = 2B151FEC221180E000FF415C;
			productRefGroup = 2B151FF6221180E000FF415C /* Products */;
			projectDirPath = "";
			projectRoot = "";
			targets = (
				2B151FF4221180E000FF415C /* JenkinsExample */,
			);
		};
/* End PBXProject section */

/* Begin PBXResourcesBuildPhase section */
		2B151FF3221180E000FF415C /* Resources */ = {
			isa = PBXResourcesBuildPhase;
			buildActionMask = 2147483647;
			files = (
				2B152003221180E000FF415C /* LaunchScreen.storyboard in Resources */,
				2B152000221180E000FF415C /* Assets.xcassets in Resources */,
				2B151FFE221180E000FF415C /* Main.storyboard in Resources */,
			);
			runOnlyForDeploymentPostprocessing = 0;
		};
/* End PBXResourcesBuildPhase section */

/* Begin PBXShellScriptBuildPhase section */
		2B1521362212FA6F00FF415C /* ShellScript */ = {
			isa = PBXShellScriptBuildPhase;
			buildActionMask = 2147483647;
			files = (
			);
			inputPaths = (
				"$(BUILT_PRODUCTS_DIR)/$(INFOPLIST_PATH)",
			);
			outputPaths = (
			);
			runOnlyForDeploymentPostprocessing = 0;
			shellPath = /bin/sh;
			shellScript = "\"${PODS_ROOT}/Fabric/run\" c272a718f7390ca96d2670a946ddc80cd6d5cea2 c610e31e5a08062c4a38bc3f17378b448fe6d5958471ab0ccf7bfee85e78e956\n";
			showEnvVarsInLog = 0;
		};
		CDC64DE1B6D2438F1A33D0FB /* [CP] Check Pods Manifest.lock */ = {
			isa = PBXShellScriptBuildPhase;
			buildActionMask = 2147483647;
			files = (
			);
			inputPaths = (
				"${PODS_PODFILE_DIR_PATH}/Podfile.lock",
				"${PODS_ROOT}/Manifest.lock",
			);
			name = "[CP] Check Pods Manifest.lock";
			outputPaths = (
				"$(DERIVED_FILE_DIR)/Pods-JenkinsExample-checkManifestLockResult.txt",
			);
			runOnlyForDeploymentPostprocessing = 0;
			shellPath = /bin/sh;
			shellScript = "diff \"${PODS_PODFILE_DIR_PATH}/Podfile.lock\" \"${PODS_ROOT}/Manifest.lock\" > /dev/null\nif [ $? != 0 ] ; then\n    # print error to STDERR\n    echo \"error: The sandbox is not in sync with the Podfile.lock. Run 'pod install' or update your CocoaPods installation.\" >&2\n    exit 1\nfi\n# This output is used by Xcode 'outputs' to avoid re-running this script phase.\necho \"SUCCESS\" > \"${SCRIPT_OUTPUT_FILE_0}\"\n";
			showEnvVarsInLog = 0;
		};
/* End PBXShellScriptBuildPhase section */

/* Begin PBXSourcesBuildPhase section */
		2B151FF1221180E000FF415C /* Sources */ = {
			isa = PBXSourcesBuildPhase;
			buildActionMask = 2147483647;
			files = (
				2B151FFB221180E000FF415C /* ViewController.swift in Sources */,
				2B151FF9221180E000FF415C /* AppDelegate.swift in Sources */,
			);
			runOnlyForDeploymentPostprocessing = 0;
		};
/* End PBXSourcesBuildPhase section */

/* Begin PBXVariantGroup section */
		2B151FFC221180E000FF415C /* Main.storyboard */ = {
			isa = PBXVariantGroup;
			children = (
				2B151FFD221180E000FF415C /* Base */,
			);
			name = Main.storyboard;
			sourceTree = "<group>";
		};
		2B152001221180E000FF415C /* LaunchScreen.storyboard */ = {
			isa = PBXVariantGroup;
			children = (
				2B152002221180E000FF415C /* Base */,
			);
			name = LaunchScreen.storyboard;
			sourceTree = "<group>";
		};
/* End PBXVariantGroup section */

/* Begin XCBuildConfiguration section */
		2B152005221180E000FF415C /* Debug */ = {
			isa = XCBuildConfiguration;
			buildSettings = {
				ALWAYS_SEARCH_USER_PATHS = NO;
				CLANG_ANALYZER_NONNULL = YES;
				CLANG_ANALYZER_NUMBER_OBJECT_CONVERSION = YES_AGGRESSIVE;
				CLANG_CXX_LANGUAGE_STANDARD = "gnu++14";
				CLANG_CXX_LIBRARY = "libc++";
				CLANG_ENABLE_MODULES = YES;
				CLANG_ENABLE_OBJC_ARC = YES;
				CLANG_WARN_BLOCK_CAPTURE_AUTORELEASING = YES;
				CLANG_WARN_BOOL_CONVERSION = YES;
				CLANG_WARN_COMMA = YES;
				CLANG_WARN_CONSTANT_CONVERSION = YES;
				CLANG_WARN_DIRECT_OBJC_ISA_USAGE = YES_ERROR;
				CLANG_WARN_DOCUMENTATION_COMMENTS = YES;
				CLANG_WARN_EMPTY_BODY = YES;
				CLANG_WARN_ENUM_CONVERSION = YES;
				CLANG_WARN_INFINITE_RECURSION = YES;
				CLANG_WARN_INT_CONVERSION = YES;
				CLANG_WARN_NON_LITERAL_NULL_CONVERSION = YES;
				CLANG_WARN_OBJC_LITERAL_CONVERSION = YES;
				CLANG_WARN_OBJC_ROOT_CLASS = YES_ERROR;
				CLANG_WARN_RANGE_LOOP_ANALYSIS = YES;
				CLANG_WARN_STRICT_PROTOTYPES = YES;
				CLANG_WARN_SUSPICIOUS_MOVE = YES;
				CLANG_WARN_UNGUARDED_AVAILABILITY = YES_AGGRESSIVE;
				CLANG_WARN_UNREACHABLE_CODE = YES;
				CLANG_WARN__DUPLICATE_METHOD_MATCH = YES;
				CODE_SIGN_IDENTITY = "iPhone Developer";
				COPY_PHASE_STRIP = NO;
				DEBUG_INFORMATION_FORMAT = dwarf;
				ENABLE_STRICT_OBJC_MSGSEND = YES;
				ENABLE_TESTABILITY = YES;
				GCC_C_LANGUAGE_STANDARD = gnu11;
				GCC_DYNAMIC_NO_PIC = NO;
				GCC_NO_COMMON_BLOCKS = YES;
				GCC_OPTIMIZATION_LEVEL = 0;
				GCC_PREPROCESSOR_DEFINITIONS = (
					"DEBUG=1",
					"$(inherited)",
				);
				GCC_WARN_64_TO_32_BIT_CONVERSION = YES;
				GCC_WARN_ABOUT_RETURN_TYPE = YES_ERROR;
				GCC_WARN_UNDECLARED_SELECTOR = YES;
				GCC_WARN_UNINITIALIZED_AUTOS = YES_AGGRESSIVE;
				GCC_WARN_UNUSED_FUNCTION = YES;
				GCC_WARN_UNUSED_VARIABLE = YES;
				IPHONEOS_DEPLOYMENT_TARGET = 11.2;
				MTL_ENABLE_DEBUG_INFO = YES;
				ONLY_ACTIVE_ARCH = YES;
				SDKROOT = iphoneos;
				SWIFT_ACTIVE_COMPILATION_CONDITIONS = DEBUG;
				SWIFT_OPTIMIZATION_LEVEL = "-Onone";
			};
			name = Debug;
		};
		2B152006221180E000FF415C /* Release */ = {
			isa = XCBuildConfiguration;
			buildSettings = {
				ALWAYS_SEARCH_USER_PATHS = NO;
				CLANG_ANALYZER_NONNULL = YES;
				CLANG_ANALYZER_NUMBER_OBJECT_CONVERSION = YES_AGGRESSIVE;
				CLANG_CXX_LANGUAGE_STANDARD = "gnu++14";
				CLANG_CXX_LIBRARY = "libc++";
				CLANG_ENABLE_MODULES = YES;
				CLANG_ENABLE_OBJC_ARC = YES;
				CLANG_WARN_BLOCK_CAPTURE_AUTORELEASING = YES;
				CLANG_WARN_BOOL_CONVERSION = YES;
				CLANG_WARN_COMMA = YES;
				CLANG_WARN_CONSTANT_CONVERSION = YES;
				CLANG_WARN_DIRECT_OBJC_ISA_USAGE = YES_ERROR;
				CLANG_WARN_DOCUMENTATION_COMMENTS = YES;
				CLANG_WARN_EMPTY_BODY = YES;
				CLANG_WARN_ENUM_CONVERSION = YES;
				CLANG_WARN_INFINITE_RECURSION = YES;
				CLANG_WARN_INT_CONVERSION = YES;
				CLANG_WARN_NON_LITERAL_NULL_CONVERSION = YES;
				CLANG_WARN_OBJC_LITERAL_CONVERSION = YES;
				CLANG_WARN_OBJC_ROOT_CLASS = YES_ERROR;
				CLANG_WARN_RANGE_LOOP_ANALYSIS = YES;
				CLANG_WARN_STRICT_PROTOTYPES = YES;
				CLANG_WARN_SUSPICIOUS_MOVE = YES;
				CLANG_WARN_UNGUARDED_AVAILABILITY = YES_AGGRESSIVE;
				CLANG_WARN_UNREACHABLE_CODE = YES;
				CLANG_WARN__DUPLICATE_METHOD_MATCH = YES;
				CODE_SIGN_IDENTITY = "iPhone Developer";
				COPY_PHASE_STRIP = NO;
				DEBUG_INFORMATION_FORMAT = "dwarf-with-dsym";
				ENABLE_NS_ASSERTIONS = NO;
				ENABLE_STRICT_OBJC_MSGSEND = YES;
				GCC_C_LANGUAGE_STANDARD = gnu11;
				GCC_NO_COMMON_BLOCKS = YES;
				GCC_WARN_64_TO_32_BIT_CONVERSION = YES;
				GCC_WARN_ABOUT_RETURN_TYPE = YES_ERROR;
				GCC_WARN_UNDECLARED_SELECTOR = YES;
				GCC_WARN_UNINITIALIZED_AUTOS = YES_AGGRESSIVE;
				GCC_WARN_UNUSED_FUNCTION = YES;
				GCC_WARN_UNUSED_VARIABLE = YES;
				IPHONEOS_DEPLOYMENT_TARGET = 11.2;
				MTL_ENABLE_DEBUG_INFO = NO;
				SDKROOT = iphoneos;
				SWIFT_OPTIMIZATION_LEVEL = "-Owholemodule";
				VALIDATE_PRODUCT = YES;
			};
			name = Release;
		};
		2B152008221180E000FF415C /* Debug */ = {
			isa = XCBuildConfiguration;
			baseConfigurationReference = FA0B5CFAC3E05480772D380B /* Pods-JenkinsExample.debug.xcconfig */;
			buildSettings = {
				ASSETCATALOG_COMPILER_APPICON_NAME = AppIcon;
				CODE_SIGN_IDENTITY = "iPhone Distribution";
				"CODE_SIGN_IDENTITY[sdk=iphoneos*]" = "iPhone Distribution";
				CODE_SIGN_STYLE = Manual;
				DEBUG_INFORMATION_FORMAT = "dwarf-with-dsym";
				DEVELOPMENT_TEAM = QTPW9SY47V;
				ENABLE_BITCODE = NO;
				INFOPLIST_FILE = JenkinsExample/Info.plist;
				IPHONEOS_DEPLOYMENT_TARGET = 10.0;
				LD_RUNPATH_SEARCH_PATHS = "$(inherited) @executable_path/Frameworks";
				PRODUCT_BUNDLE_IDENTIFIER = com.seasia.jenkins;
				PRODUCT_NAME = "$(TARGET_NAME)";
				PROVISIONING_PROFILE = "427f46f8-2bd1-4159-b49f-119cedd665d8";
				PROVISIONING_PROFILE_SPECIFIER = Jenkins_Production;
				SWIFT_VERSION = 4.0;
				TARGETED_DEVICE_FAMILY = "1,2";
			};
			name = Debug;
		};
		2B152009221180E000FF415C /* Release */ = {
			isa = XCBuildConfiguration;
			baseConfigurationReference = E86EB42B0621FE7D5C2440B3 /* Pods-JenkinsExample.release.xcconfig */;
			buildSettings = {
				ASSETCATALOG_COMPILER_APPICON_NAME = AppIcon;
				CODE_SIGN_IDENTITY = "iPhone Distribution";
				"CODE_SIGN_IDENTITY[sdk=iphoneos*]" = "iPhone Distribution";
				CODE_SIGN_STYLE = Manual;
				DEVELOPMENT_TEAM = QTPW9SY47V;
				ENABLE_BITCODE = NO;
				INFOPLIST_FILE = JenkinsExample/Info.plist;
				IPHONEOS_DEPLOYMENT_TARGET = 10.0;
				LD_RUNPATH_SEARCH_PATHS = "$(inherited) @executable_path/Frameworks";
				PRODUCT_BUNDLE_IDENTIFIER = com.seasia.jenkins;
				PRODUCT_NAME = "$(TARGET_NAME)";
				PROVISIONING_PROFILE = "427f46f8-2bd1-4159-b49f-119cedd665d8";
				PROVISIONING_PROFILE_SPECIFIER = Jenkins_Production;
				SWIFT_VERSION = 4.0;
				TARGETED_DEVICE_FAMILY = "1,2";
			};
			name = Release;
		};
/* End XCBuildConfiguration section */

/* Begin XCConfigurationList section */
		2B151FF0221180E000FF415C /* Build configuration list for PBXProject "JenkinsExample" */ = {
			isa = XCConfigurationList;
			buildConfigurations = (
				2B152005221180E000FF415C /* Debug */,
				2B152006221180E000FF415C /* Release */,
			);
			defaultConfigurationIsVisible = 0;
			defaultConfigurationName = Release;
		};
		2B152007221180E000FF415C /* Build configuration list for PBXNativeTarget "JenkinsExample" */ = {
			isa = XCConfigurationList;
			buildConfigurations = (
				2B152008221180E000FF415C /* Debug */,
				2B152009221180E000FF415C /* Release */,
			);
			defaultConfigurationIsVisible = 0;
			defaultConfigurationName = Release;
		};
/* End XCConfigurationList section */
	};
	rootObject = 2B151FED221180E000FF415C /* Project object */;
}
